<Solution>
  <Folder Name="/src/">
    <Project Path="NetInspect.Mcp/NetInspect.Mcp.csproj" />
  </Folder>
  <Folder Name="/tests/">
    <Project Path="tests/NetInspect.Mcp.E2E/NetInspect.Mcp.E2E.csproj" />
    <Project Path="tests/NetInspect.Mcp.Tests/NetInspect.Mcp.Tests.csproj" />
  </Folder>
</Solution>
